// !$*UTF8*$!
{
	archiveVersion = 1;
	classes = {
	};
	objectVersion = 46;
	objects = {

/* Begin PBXBuildFile section */
		A20AD6971F3400A300BEC77E /* AppDelegate.swift in Sources */ = {isa = PBXBuildFile; fileRef = A20AD6961F3400A300BEC77E /* AppDelegate.swift */; };
		A20AD6991F3400A300BEC77E /* JournalViewController.swift in Sources */ = {isa = PBXBuildFile; fileRef = A20AD6981F3400A300BEC77E /* JournalViewController.swift */; };
		A20AD69C1F3400A300BEC77E /* Main.storyboard in Resources */ = {isa = PBXBuildFile; fileRef = A20AD69A1F3400A300BEC77E /* Main.storyboard */; };
		A20AD69F1F3400A300BEC77E /* Journal.xcdatamodeld in Sources */ = {isa = PBXBuildFile; fileRef = A20AD69D1F3400A300BEC77E /* Journal.xcdatamodeld */; };
		A20AD6A11F3400A300BEC77E /* Assets.xcassets in Resources */ = {isa = PBXBuildFile; fileRef = A20AD6A01F3400A300BEC77E /* Assets.xcassets */; };
		A20AD6A41F3400A300BEC77E /* LaunchScreen.storyboard in Resources */ = {isa = PBXBuildFile; fileRef = A20AD6A21F3400A300BEC77E /* LaunchScreen.storyboard */; };
		A20AD6AD1F34075100BEC77E /* TitleTableViewCell.swift in Sources */ = {isa = PBXBuildFile; fileRef = A20AD6AC1F34075100BEC77E /* TitleTableViewCell.swift */; };
		A20AD6AF1F34075B00BEC77E /* ContentTableViewCell.swift in Sources */ = {isa = PBXBuildFile; fileRef = A20AD6AE1F34075B00BEC77E /* ContentTableViewCell.swift */; };
		A20AD6B31F34232A00BEC77E /* EditJournalViewController.swift in Sources */ = {isa = PBXBuildFile; fileRef = A20AD6B21F34232A00BEC77E /* EditJournalViewController.swift */; };
		A20AD6B51F34476B00BEC77E /* JournalManager.swift in Sources */ = {isa = PBXBuildFile; fileRef = A20AD6B41F34476B00BEC77E /* JournalManager.swift */; };
/* End PBXBuildFile section */

/* Begin PBXFileReference section */
		A20AD6931F3400A300BEC77E /* Journal.app */ = {isa = PBXFileReference; explicitFileType = wrapper.application; includeInIndex = 0; path = Journal.app; sourceTree = BUILT_PRODUCTS_DIR; };
		A20AD6961F3400A300BEC77E /* AppDelegate.swift */ = {isa = PBXFileReference; lastKnownFileType = sourcecode.swift; path = AppDelegate.swift; sourceTree = "<group>"; };
		A20AD6981F3400A300BEC77E /* JournalViewController.swift */ = {isa = PBXFileReference; lastKnownFileType = sourcecode.swift; path = JournalViewController.swift; sourceTree = "<group>"; };
		A20AD69B1F3400A300BEC77E /* Base */ = {isa = PBXFileReference; lastKnownFileType = file.storyboard; name = Base; path = Base.lproj/Main.storyboard; sourceTree = "<group>"; };
		A20AD69E1F3400A300BEC77E /* Journal.xcdatamodel */ = {isa = PBXFileReference; lastKnownFileType = wrapper.xcdatamodel; path = Journal.xcdatamodel; sourceTree = "<group>"; };
		A20AD6A01F3400A300BEC77E /* Assets.xcassets */ = {isa = PBXFileReference; lastKnownFileType = folder.assetcatalog; path = Assets.xcassets; sourceTree = "<group>"; };
		A20AD6A31F3400A300BEC77E /* Base */ = {isa = PBXFileReference; lastKnownFileType = file.storyboard; name = Base; path = Base.lproj/LaunchScreen.storyboard; sourceTree = "<group>"; };
		A20AD6A51F3400A300BEC77E /* Info.plist */ = {isa = PBXFileReference; lastKnownFileType = text.plist.xml; path = Info.plist; sourceTree = "<group>"; };
		A20AD6AC1F34075100BEC77E /* TitleTableViewCell.swift */ = {isa = PBXFileReference; fileEncoding = 4; lastKnownFileType = sourcecode.swift; path = TitleTableViewCell.swift; sourceTree = "<group>"; };
		A20AD6AE1F34075B00BEC77E /* ContentTableViewCell.swift */ = {isa = PBXFileReference; fileEncoding = 4; lastKnownFileType = sourcecode.swift; path = ContentTableViewCell.swift; sourceTree = "<group>"; };
		A20AD6B21F34232A00BEC77E /* EditJournalViewController.swift */ = {isa = PBXFileReference; fileEncoding = 4; lastKnownFileType = sourcecode.swift; path = EditJournalViewController.swift; sourceTree = "<group>"; };
		A20AD6B41F34476B00BEC77E /* JournalManager.swift */ = {isa = PBXFileReference; fileEncoding = 4; lastKnownFileType = sourcecode.swift; path = JournalManager.swift; sourceTree = "<group>"; };
/* End PBXFileReference section */

/* Begin PBXFrameworksBuildPhase section */
		A20AD6901F3400A300BEC77E /* Frameworks */ = {
			isa = PBXFrameworksBuildPhase;
			buildActionMask = 2147483647;
			files = (
			);
			runOnlyForDeploymentPostprocessing = 0;
		};
/* End PBXFrameworksBuildPhase section */

/* Begin PBXGroup section */
		A20AD68A1F3400A300BEC77E = {
			isa = PBXGroup;
			children = (
				A20AD6951F3400A300BEC77E /* Journal */,
				A20AD6941F3400A300BEC77E /* Products */,
			);
			sourceTree = "<group>";
		};
		A20AD6941F3400A300BEC77E /* Products */ = {
			isa = PBXGroup;
			children = (
				A20AD6931F3400A300BEC77E /* Journal.app */,
			);
			name = Products;
			sourceTree = "<group>";
		};
		A20AD6951F3400A300BEC77E /* Journal */ = {
			isa = PBXGroup;
			children = (
				A20AD6961F3400A300BEC77E /* AppDelegate.swift */,
				A20AD6AC1F34075100BEC77E /* TitleTableViewCell.swift */,
				A20AD6AE1F34075B00BEC77E /* ContentTableViewCell.swift */,
				A20AD69A1F3400A300BEC77E /* Main.storyboard */,
				A20AD6B21F34232A00BEC77E /* EditJournalViewController.swift */,
				A20AD6981F3400A300BEC77E /* JournalViewController.swift */,
				A20AD6B41F34476B00BEC77E /* JournalManager.swift */,
				A20AD6A01F3400A300BEC77E /* Assets.xcassets */,
				A20AD6A21F3400A300BEC77E /* LaunchScreen.storyboard */,
				A20AD6A51F3400A300BEC77E /* Info.plist */,
				A20AD69D1F3400A300BEC77E /* Journal.xcdatamodeld */,
			);
			path = Journal;
			sourceTree = "<group>";
		};
/* End PBXGroup section */

/* Begin PBXNativeTarget section */
		A20AD6921F3400A300BEC77E /* Journal */ = {
			isa = PBXNativeTarget;
			buildConfigurationList = A20AD6A81F3400A400BEC77E /* Build configuration list for PBXNativeTarget "Journal" */;
			buildPhases = (
				A20AD68F1F3400A300BEC77E /* Sources */,
				A20AD6901F3400A300BEC77E /* Frameworks */,
				A20AD6911F3400A300BEC77E /* Resources */,
				A20AD6AB1F3406B900BEC77E /* ShellScript */,
			);
			buildRules = (
			);
			dependencies = (
			);
			name = Journal;
			productName = Journal;
			productReference = A20AD6931F3400A300BEC77E /* Journal.app */;
			productType = "com.apple.product-type.application";
		};
/* End PBXNativeTarget section */

/* Begin PBXProject section */
		A20AD68B1F3400A300BEC77E /* Project object */ = {
			isa = PBXProject;
			attributes = {
				LastSwiftUpdateCheck = 0830;
				LastUpgradeCheck = 0830;
				ORGANIZATIONNAME = Brad;
				TargetAttributes = {
					A20AD6921F3400A300BEC77E = {
						CreatedOnToolsVersion = 8.3.3;
						ProvisioningStyle = Automatic;
					};
				};
			};
			buildConfigurationList = A20AD68E1F3400A300BEC77E /* Build configuration list for PBXProject "Journal" */;
			compatibilityVersion = "Xcode 3.2";
			developmentRegion = English;
			hasScannedForEncodings = 0;
			knownRegions = (
				en,
				Base,
			);
			mainGroup = A20AD68A1F3400A300BEC77E;
			productRefGroup = A20AD6941F3400A300BEC77E /* Products */;
			projectDirPath = "";
			projectRoot = "";
			targets = (
				A20AD6921F3400A300BEC77E /* Journal */,
			);
		};
/* End PBXProject section */

/* Begin PBXResourcesBuildPhase section */
		A20AD6911F3400A300BEC77E /* Resources */ = {
			isa = PBXResourcesBuildPhase;
			buildActionMask = 2147483647;
			files = (
				A20AD6A41F3400A300BEC77E /* LaunchScreen.storyboard in Resources */,
				A20AD6A11F3400A300BEC77E /* Assets.xcassets in Resources */,
				A20AD69C1F3400A300BEC77E /* Main.storyboard in Resources */,
			);
			runOnlyForDeploymentPostprocessing = 0;
		};
/* End PBXResourcesBuildPhase section */

/* Begin PBXShellScriptBuildPhase section */
		A20AD6AB1F3406B900BEC77E /* ShellScript */ = {
			isa = PBXShellScriptBuildPhase;
			buildActionMask = 2147483647;
			files = (
			);
			inputPaths = (
			);
			outputPaths = (
			);
			runOnlyForDeploymentPostprocessing = 0;
			shellPath = /bin/sh;
			shellScript = "if which swiftlint >/dev/null; then\nswiftlint\nelse\necho \"warning: SwiftLint not installed, download from https://github.com/realm/SwiftLint\"\nfi";
		};
/* End PBXShellScriptBuildPhase section */

/* Begin PBXSourcesBuildPhase section */
		A20AD68F1F3400A300BEC77E /* Sources */ = {
			isa = PBXSourcesBuildPhase;
			buildActionMask = 2147483647;
			files = (
				A20AD6AD1F34075100BEC77E /* TitleTableViewCell.swift in Sources */,
				A20AD69F1F3400A300BEC77E /* Journal.xcdatamodeld in Sources */,
				A20AD6991F3400A300BEC77E /* JournalViewController.swift in Sources */,
				A20AD6B31F34232A00BEC77E /* EditJournalViewController.swift in Sources */,
				A20AD6971F3400A300BEC77E /* AppDelegate.swift in Sources */,
				A20AD6AF1F34075B00BEC77E /* ContentTableViewCell.swift in Sources */,
				A20AD6B51F34476B00BEC77E /* JournalManager.swift in Sources */,
			);
			runOnlyForDeploymentPostprocessing = 0;
		};
/* End PBXSourcesBuildPhase section */

/* Begin PBXVariantGroup section */
		A20AD69A1F3400A300BEC77E /* Main.storyboard */ = {
			isa = PBXVariantGroup;
			children = (
				A20AD69B1F3400A300BEC77E /* Base */,
			);
			name = Main.storyboard;
			sourceTree = "<group>";
		};
		A20AD6A21F3400A300BEC77E /* LaunchScreen.storyboard */ = {
			isa = PBXVariantGroup;
			children = (
				A20AD6A31F3400A300BEC77E /* Base */,
			);
			name = LaunchScreen.storyboard;
			sourceTree = "<group>";
		};
/* End PBXVariantGroup section */

/* Begin XCBuildConfiguration section */
		A20AD6A61F3400A400BEC77E /* Debug */ = {
			isa = XCBuildConfiguration;
			buildSettings = {
				ALWAYS_SEARCH_USER_PATHS = NO;
				CLANG_ANALYZER_NONNULL = YES;
				CLANG_ANALYZER_NUMBER_OBJECT_CONVERSION = YES_AGGRESSIVE;
				CLANG_CXX_LANGUAGE_STANDARD = "gnu++0x";
				CLANG_CXX_LIBRARY = "libc++";
				CLANG_ENABLE_MODULES = YES;
				CLANG_ENABLE_OBJC_ARC = YES;
				CLANG_WARN_BOOL_CONVERSION = YES;
				CLANG_WARN_CONSTANT_CONVERSION = YES;
				CLANG_WARN_DIRECT_OBJC_ISA_USAGE = YES_ERROR;
				CLANG_WARN_DOCUMENTATION_COMMENTS = YES;
				CLANG_WARN_EMPTY_BODY = YES;
				CLANG_WARN_ENUM_CONVERSION = YES;
				CLANG_WARN_INFINITE_RECURSION = YES;
				CLANG_WARN_INT_CONVERSION = YES;
				CLANG_WARN_OBJC_ROOT_CLASS = YES_ERROR;
				CLANG_WARN_SUSPICIOUS_MOVE = YES;
				CLANG_WARN_UNREACHABLE_CODE = YES;
				CLANG_WARN__DUPLICATE_METHOD_MATCH = YES;
				"CODE_SIGN_IDENTITY[sdk=iphoneos*]" = "iPhone Developer";
				COPY_PHASE_STRIP = NO;
				DEBUG_INFORMATION_FORMAT = dwarf;
				ENABLE_STRICT_OBJC_MSGSEND = YES;
				ENABLE_TESTABILITY = YES;
				GCC_C_LANGUAGE_STANDARD = gnu99;
				GCC_DYNAMIC_NO_PIC = NO;
				GCC_NO_COMMON_BLOCKS = YES;
				GCC_OPTIMIZATION_LEVEL = 0;
				GCC_PREPROCESSOR_DEFINITIONS = (
					"DEBUG=1",
					"$(inherited)",
				);
				GCC_WARN_64_TO_32_BIT_CONVERSION = YES;
				GCC_WARN_ABOUT_RETURN_TYPE = YES_ERROR;
				GCC_WARN_UNDECLARED_SELECTOR = YES;
				GCC_WARN_UNINITIALIZED_AUTOS = YES_AGGRESSIVE;
				GCC_WARN_UNUSED_FUNCTION = YES;
				GCC_WARN_UNUSED_VARIABLE = YES;
				IPHONEOS_DEPLOYMENT_TARGET = 10.3;
				MTL_ENABLE_DEBUG_INFO = YES;
				ONLY_ACTIVE_ARCH = YES;
				SDKROOT = iphoneos;
				SWIFT_ACTIVE_COMPILATION_CONDITIONS = DEBUG;
				SWIFT_OPTIMIZATION_LEVEL = "-Onone";
			};
			name = Debug;
		};
		A20AD6A71F3400A400BEC77E /* Release */ = {
			isa = XCBuildConfiguration;
			buildSettings = {
				ALWAYS_SEARCH_USER_PATHS = NO;
				CLANG_ANALYZER_NONNULL = YES;
				CLANG_ANALYZER_NUMBER_OBJECT_CONVERSION = YES_AGGRESSIVE;
				CLANG_CXX_LANGUAGE_STANDARD = "gnu++0x";
				CLANG_CXX_LIBRARY = "libc++";
				CLANG_ENABLE_MODULES = YES;
				CLANG_ENABLE_OBJC_ARC = YES;
				CLANG_WARN_BOOL_CONVERSION = YES;
				CLANG_WARN_CONSTANT_CONVERSION = YES;
				CLANG_WARN_DIRECT_OBJC_ISA_USAGE = YES_ERROR;
				CLANG_WARN_DOCUMENTATION_COMMENTS = YES;
				CLANG_WARN_EMPTY_BODY = YES;
				CLANG_WARN_ENUM_CONVERSION = YES;
				CLANG_WARN_INFINITE_RECURSION = YES;
				CLANG_WARN_INT_CONVERSION = YES;
				CLANG_WARN_OBJC_ROOT_CLASS = YES_ERROR;
				CLANG_WARN_SUSPICIOUS_MOVE = YES;
				CLANG_WARN_UNREACHABLE_CODE = YES;
				CLANG_WARN__DUPLICATE_METHOD_MATCH = YES;
				"CODE_SIGN_IDENTITY[sdk=iphoneos*]" = "iPhone Developer";
				COPY_PHASE_STRIP = NO;
				DEBUG_INFORMATION_FORMAT = "dwarf-with-dsym";
				ENABLE_NS_ASSERTIONS = NO;
				ENABLE_STRICT_OBJC_MSGSEND = YES;
				GCC_C_LANGUAGE_STANDARD = gnu99;
				GCC_NO_COMMON_BLOCKS = YES;
				GCC_WARN_64_TO_32_BIT_CONVERSION = YES;
				GCC_WARN_ABOUT_RETURN_TYPE = YES_ERROR;
				GCC_WARN_UNDECLARED_SELECTOR = YES;
				GCC_WARN_UNINITIALIZED_AUTOS = YES_AGGRESSIVE;
				GCC_WARN_UNUSED_FUNCTION = YES;
				GCC_WARN_UNUSED_VARIABLE = YES;
				IPHONEOS_DEPLOYMENT_TARGET = 10.3;
				MTL_ENABLE_DEBUG_INFO = NO;
				SDKROOT = iphoneos;
				SWIFT_OPTIMIZATION_LEVEL = "-Owholemodule";
				VALIDATE_PRODUCT = YES;
			};
			name = Release;
		};
		A20AD6A91F3400A400BEC77E /* Debug */ = {
			isa = XCBuildConfiguration;
			buildSettings = {
				ASSETCATALOG_COMPILER_APPICON_NAME = AppIcon;
				INFOPLIST_FILE = Journal/Info.plist;
				LD_RUNPATH_SEARCH_PATHS = "$(inherited) @executable_path/Frameworks";
				PRODUCT_BUNDLE_IDENTIFIER = Lee.Journal;
				PRODUCT_NAME = "$(TARGET_NAME)";
				SWIFT_VERSION = 3.0;
			};
			name = Debug;
		};
		A20AD6AA1F3400A400BEC77E /* Release */ = {
			isa = XCBuildConfiguration;
			buildSettings = {
				ASSETCATALOG_COMPILER_APPICON_NAME = AppIcon;
				INFOPLIST_FILE = Journal/Info.plist;
				LD_RUNPATH_SEARCH_PATHS = "$(inherited) @executable_path/Frameworks";
				PRODUCT_BUNDLE_IDENTIFIER = Lee.Journal;
				PRODUCT_NAME = "$(TARGET_NAME)";
				SWIFT_VERSION = 3.0;
			};
			name = Release;
		};
/* End XCBuildConfiguration section */

/* Begin XCConfigurationList section */
		A20AD68E1F3400A300BEC77E /* Build configuration list for PBXProject "Journal" */ = {
			isa = XCConfigurationList;
			buildConfigurations = (
				A20AD6A61F3400A400BEC77E /* Debug */,
				A20AD6A71F3400A400BEC77E /* Release */,
			);
			defaultConfigurationIsVisible = 0;
			defaultConfigurationName = Release;
		};
		A20AD6A81F3400A400BEC77E /* Build configuration list for PBXNativeTarget "Journal" */ = {
			isa = XCConfigurationList;
			buildConfigurations = (
				A20AD6A91F3400A400BEC77E /* Debug */,
				A20AD6AA1F3400A400BEC77E /* Release */,
			);
			defaultConfigurationIsVisible = 0;
			defaultConfigurationName = Release;
		};
/* End XCConfigurationList section */

/* Begin XCVersionGroup section */
		A20AD69D1F3400A300BEC77E /* Journal.xcdatamodeld */ = {
			isa = XCVersionGroup;
			children = (
				A20AD69E1F3400A300BEC77E /* Journal.xcdatamodel */,
			);
			currentVersion = A20AD69E1F3400A300BEC77E /* Journal.xcdatamodel */;
			path = Journal.xcdatamodeld;
			sourceTree = "<group>";
			versionGroupType = wrapper.xcdatamodel;
		};
/* End XCVersionGroup section */
	};
	rootObject = A20AD68B1F3400A300BEC77E /* Project object */;
}
